
Microsoft Visual Studio Solution File, Format Version 12.00
# Visual Studio Version 17
VisualStudioVersion = 17.14.36717.8 d17.14
MinimumVisualStudioVersion = 10.0.40219.1
Project("{FAE04EC0-301F-11D3-BF4B-00C04F79EFBC}") = "lec01-introduction", "lec01-introduction\lec01-introduction.csproj", "{AE32BBA0-1B50-4FFE-B8A2-12E8E3BCD7C0}"
EndProject
Global
	GlobalSection(SolutionConfigurationPlatforms) = preSolution
		Debug|Any CPU = Debug|Any CPU
		Release|Any CPU = Release|Any CPU
	EndGlobalSection
	GlobalSection(ProjectConfigurationPlatforms) = postSolution
		{AE32BBA0-1B50-4FFE-B8A2-12E8E3BCD7C0}.Debug|Any CPU.ActiveCfg = Debug|Any CPU
		{AE32BBA0-1B50-4FFE-B8A2-12E8E3BCD7C0}.Debug|Any CPU.Build.0 = Debug|Any CPU
		{AE32BBA0-1B50-4FFE-B8A2-12E8E3BCD7C0}.Release|Any CPU.ActiveCfg = Release|Any CPU
		{AE32BBA0-1B50-4FFE-B8A2-12E8E3BCD7C0}.Release|Any CPU.Build.0 = Release|Any CPU
	EndGlobalSection
	GlobalSection(SolutionProperties) = preSolution
		HideSolutionNode = FALSE
	EndGlobalSection
	GlobalSection(ExtensibilityGlobals) = postSolution
		SolutionGuid = {16751855-7AE6-4722-8EDC-BA7FE6C697E1}
	EndGlobalSection
EndGlobal
